<?xml version="1.0" encoding="UTF-8" standalone="yes" ?>
<CodeBlocks_project_file>
	<FileVersion major="1" minor="6" />
	<Project>
		<Option title="Polygame" />
		<Option pch_mode="2" />
		<Option compiler="gcc" />
		<Build>
			<Target title="Debug-GLES">
				<Option output="Polygame" prefix_auto="1" extension_auto="1" />
				<Option object_output="obj/Debug/" />
				<Option type="1" />
				<Option compiler="gcc" />
				<Option use_console_runner="0" />
				<Compiler>
					<Add option="-std=c++98" />
					<Add option="-g" />
					<Add option="-DDEBUG_GLES" />
					<Add directory="../irrlicht-ogl-es/include" />
					<Add directory="../irrpp/include" />
					<Add directory="jni/" />
				</Compiler>
				<Linker>
					<Add library="../irrlicht-ogl-es/lib/Linux/libIrrlicht.a" />
					<Add library="../irrpp/lib/linux/debug/libirrPP.a" />
					<Add library="Xxf86vm" />
					<Add library="X11" />
					<Add library="EGL" />
					<Add library="GL" />
					<Add library="GLESv1_CM" />
				</Linker>
			</Target>
		</Build>
		<Compiler>
			<Add option="-Wall" />
			<Add option="-g" />
			<Add option="-fexceptions" />
		</Compiler>
		<Unit filename="assets/shaders/cube.frag" />
		<Unit filename="assets/shaders/cube.vert" />
		<Unit filename="assets/shaders/depth.frag" />
		<Unit filename="assets/shaders/depth.vert" />
		<Unit filename="assets/shaders/grid.frag" />
		<Unit filename="assets/shaders/grid.vert" />
		<Unit filename="assets/shaders/grid_back.frag" />
		<Unit filename="assets/shaders/grid_back.vert" />
		<Unit filename="assets/shaders/pp/blur_select.frag" />
		<Unit filename="assets/shaders/sky.frag" />
		<Unit filename="assets/shaders/sky.vert" />
		<Unit filename="jni/EffectFader.cpp" />
		<Unit filename="jni/EffectFader.h" />
		<Unit filename="jni/EffectRenderer.cpp" />
		<Unit filename="jni/EffectRenderer.h" />
		<Unit filename="jni/GeometryGenerator.cpp" />
		<Unit filename="jni/GeometryGenerator.h" />
		<Unit filename="jni/GridGenerator.cpp" />
		<Unit filename="jni/GridGenerator.h" />
		<Unit filename="jni/Object.cpp" />
		<Unit filename="jni/Object.h" />
		<Unit filename="jni/ObjectDebugInfo.cpp" />
		<Unit filename="jni/ObjectDebugInfo.h" />
		<Unit filename="jni/ObjectEventReceiver.cpp" />
		<Unit filename="jni/ObjectEventReceiver.h" />
		<Unit filename="jni/ObjectGrid.cpp" />
		<Unit filename="jni/ObjectGrid.h" />
		<Unit filename="jni/ObjectItem.cpp" />
		<Unit filename="jni/ObjectItem.h" />
		<Unit filename="jni/ObjectItemCube.cpp" />
		<Unit filename="jni/ObjectItemCube.h" />
		<Unit filename="jni/ObjectItemPyramid.cpp" />
		<Unit filename="jni/ObjectItemPyramid.h" />
		<Unit filename="jni/ObjectItemSpawner.cpp" />
		<Unit filename="jni/ObjectItemSpawner.h" />
		<Unit filename="jni/ObjectManager.cpp" />
		<Unit filename="jni/ObjectManager.h" />
		<Unit filename="jni/ObjectPlayer.cpp" />
		<Unit filename="jni/ObjectPlayer.h" />
		<Unit filename="jni/ObjectSky.cpp" />
		<Unit filename="jni/ObjectSky.h" />
		<Unit filename="jni/ObjectStateGame.cpp" />
		<Unit filename="jni/ObjectStateGame.h" />
		<Unit filename="jni/ObjectStateInit.cpp" />
		<Unit filename="jni/ObjectStateInit.h" />
		<Unit filename="jni/ObjectStateMenu.cpp" />
		<Unit filename="jni/ObjectStateMenu.h" />
		<Unit filename="jni/ObjectUpdater.cpp" />
		<Unit filename="jni/ObjectUpdater.h" />
		<Unit filename="jni/SContext.h" />
		<Unit filename="jni/SMaterials.h" />
		<Unit filename="jni/SMessage.h" />
		<Unit filename="jni/SSettings.h" />
		<Unit filename="jni/ShaderCBCube.cpp" />
		<Unit filename="jni/ShaderCBCube.h" />
		<Unit filename="jni/ShaderCBDepth.cpp" />
		<Unit filename="jni/ShaderCBDepth.h" />
		<Unit filename="jni/ShaderCBFader.cpp" />
		<Unit filename="jni/ShaderCBFader.h" />
		<Unit filename="jni/ShaderCBGrid.cpp" />
		<Unit filename="jni/ShaderCBGrid.h" />
		<Unit filename="jni/ShaderCBGridBack.cpp" />
		<Unit filename="jni/ShaderCBGridBack.h" />
		<Unit filename="jni/ShaderCBSky.cpp" />
		<Unit filename="jni/ShaderCBSky.h" />
		<Unit filename="jni/circular_buffer.h" />
		<Unit filename="jni/functions.h" />
		<Unit filename="jni/json/assertions.h" />
		<Unit filename="jni/json/autolink.h" />
		<Unit filename="jni/json/config.h" />
		<Unit filename="jni/json/features.h" />
		<Unit filename="jni/json/forwards.h" />
		<Unit filename="jni/json/json.h" />
		<Unit filename="jni/json/json_batchallocator.h" />
		<Unit filename="jni/json/json_internalarray.inl" />
		<Unit filename="jni/json/json_internalmap.inl" />
		<Unit filename="jni/json/json_reader.cpp" />
		<Unit filename="jni/json/json_tool.h" />
		<Unit filename="jni/json/json_value.cpp" />
		<Unit filename="jni/json/json_valueiterator.inl" />
		<Unit filename="jni/json/json_writer.cpp" />
		<Unit filename="jni/json/reader.h" />
		<Unit filename="jni/json/value.h" />
		<Unit filename="jni/json/writer.h" />
		<Unit filename="jni/libnoise/basictypes.h" />
		<Unit filename="jni/libnoise/interp.h" />
		<Unit filename="jni/libnoise/noisegen.cpp" />
		<Unit filename="jni/libnoise/noisegen.h" />
		<Unit filename="jni/libnoise/perlin.cpp" />
		<Unit filename="jni/libnoise/perlin.h" />
		<Unit filename="jni/libnoise/vectortable.h" />
		<Unit filename="jni/main.cpp" />
		<Extensions>
			<code_completion />
			<envvars />
			<debugger />
			<DoxyBlocks>
				<comment_style block="0" line="0" />
				<doxyfile_project />
				<doxyfile_build />
				<doxyfile_warnings />
				<doxyfile_output />
				<doxyfile_dot />
				<general />
			</DoxyBlocks>
		</Extensions>
	</Project>
</CodeBlocks_project_file>
